<?xml version="1.0" encoding="utf-8"?>
<Project ToolsVersion="4.0" xmlns="http://schemas.microsoft.com/developer/msbuild/2003">
  <ItemGroup>
    <Filter Include="Source Files">
      <UniqueIdentifier>{4FC737F1-C7A5-4376-A066-2A32D752A2FF}</UniqueIdentifier>
      <Extensions>cpp;c;cc;cxx;def;odl;idl;hpj;bat;asm;asmx</Extensions>
    </Filter>
    <Filter Include="Header Files">
      <UniqueIdentifier>{93995380-89BD-4b04-88EB-625FBE52EBFB}</UniqueIdentifier>
      <Extensions>h;hh;hpp;hxx;hm;inl;inc;ipp;xsd</Extensions>
    </Filter>
    <Filter Include="Resource Files">
      <UniqueIdentifier>{67DA6AB6-F800-4c08-8B7A-83BB121AAD01}</UniqueIdentifier>
      <Extensions>rc;ico;cur;bmp;dlg;rc2;rct;bin;rgs;gif;jpg;jpeg;jpe;resx;tiff;tif;png;wav;mfcribbon-ms</Extensions>
    </Filter>
  </ItemGroup>
  <ItemGroup>
    <ClCompile Include="cl_warpper.cpp">
      <Filter>Source Files</Filter>
    </ClCompile>
    <ClCompile Include="clMining.cpp">
      <Filter>Source Files</Filter>
    </ClCompile>
    <ClCompile Include="clPreHash.cpp">
      <Filter>Source Files</Filter>
    </ClCompile>
    <ClCompile Include="conversion.cc">
      <Filter>Source Files</Filter>
    </ClCompile>
    <ClCompile Include="cryptography.cc">
      <Filter>Source Files</Filter>
    </ClCompile>
    <ClCompile Include="definitions.cc">
      <Filter>Source Files</Filter>
    </ClCompile>
    <ClCompile Include="easylogging++.cc">
      <Filter>Source Files</Filter>
    </ClCompile>
    <ClCompile Include="ergoAutolykos.cpp">
      <Filter>Source Files</Filter>
    </ClCompile>
    <ClCompile Include="ErgoOpenCL.cpp">
      <Filter>Source Files</Filter>
    </ClCompile>
    <ClCompile Include="jsmn.c">
      <Filter>Source Files</Filter>
    </ClCompile>
    <ClCompile Include="processing.cc">
      <Filter>Source Files</Filter>
    </ClCompile>
    <ClCompile Include="request.cc">
      <Filter>Source Files</Filter>
    </ClCompile>
  </ItemGroup>
  <ItemGroup>
    <ClInclude Include="cl_warpper.h">
      <Filter>Header Files</Filter>
    </ClInclude>
    <ClInclude Include="clMining.h">
      <Filter>Header Files</Filter>
    </ClInclude>
    <ClInclude Include="clPreHash.h">
      <Filter>Header Files</Filter>
    </ClInclude>
    <ClInclude Include="conversion.h">
      <Filter>Header Files</Filter>
    </ClInclude>
    <ClInclude Include="cryptography.h">
      <Filter>Header Files</Filter>
    </ClInclude>
    <ClInclude Include="definitions.h">
      <Filter>Header Files</Filter>
    </ClInclude>
    <ClInclude Include="easylogging++.h">
      <Filter>Header Files</Filter>
    </ClInclude>
    <ClInclude Include="ergoAutolykos.h">
      <Filter>Header Files</Filter>
    </ClInclude>
    <ClInclude Include="ergoTester.h">
      <Filter>Header Files</Filter>
    </ClInclude>
    <ClInclude Include="jsmn.h">
      <Filter>Header Files</Filter>
    </ClInclude>
    <ClInclude Include="OCLdecs.h">
      <Filter>Header Files</Filter>
    </ClInclude>
    <ClInclude Include="OCLdefs.h">
      <Filter>Header Files</Filter>
    </ClInclude>
    <ClInclude Include="processing.h">
      <Filter>Header Files</Filter>
    </ClInclude>
    <ClInclude Include="request.h">
      <Filter>Header Files</Filter>
    </ClInclude>
  </ItemGroup>
  <ItemGroup>
    <None Include="MiningKernel.cl" />
    <None Include="PreHashKernel.cl" />
  </ItemGroup>
  <ItemGroup>
    <Text Include="myeasylog.log" />
  </ItemGroup>
</Project>